
Microsoft Visual Studio Solution File, Format Version 12.00
# Visual Studio 15
VisualStudioVersion = 15.0.27428.2005
MinimumVisualStudioVersion = 10.0.40219.1
Project("{8BC9CEB8-8B4A-11D0-8D11-00A0C91BC942}") = "1660765", "1660765\1660765.vcxproj", "{672B67B7-33F4-4FF8-A638-BA7CCC68BBDF}"
EndProject
Global
	GlobalSection(SolutionConfigurationPlatforms) = preSolution
		Debug|x64 = Debug|x64
		Debug|x86 = Debug|x86
		Release|x64 = Release|x64
		Release|x86 = Release|x86
	EndGlobalSection
	GlobalSection(ProjectConfigurationPlatforms) = postSolution
		{672B67B7-33F4-4FF8-A638-BA7CCC68BBDF}.Debug|x64.ActiveCfg = Debug|x64
		{672B67B7-33F4-4FF8-A638-BA7CCC68BBDF}.Debug|x64.Build.0 = Debug|x64
		{672B67B7-33F4-4FF8-A638-BA7CCC68BBDF}.Debug|x86.ActiveCfg = Debug|Win32
		{672B67B7-33F4-4FF8-A638-BA7CCC68BBDF}.Debug|x86.Build.0 = Debug|Win32
		{672B67B7-33F4-4FF8-A638-BA7CCC68BBDF}.Release|x64.ActiveCfg = Release|x64
		{672B67B7-33F4-4FF8-A638-BA7CCC68BBDF}.Release|x64.Build.0 = Release|x64
		{672B67B7-33F4-4FF8-A638-BA7CCC68BBDF}.Release|x86.ActiveCfg = Release|Win32
		{672B67B7-33F4-4FF8-A638-BA7CCC68BBDF}.Release|x86.Build.0 = Release|Win32
	EndGlobalSection
	GlobalSection(SolutionProperties) = preSolution
		HideSolutionNode = FALSE
	EndGlobalSection
	GlobalSection(ExtensibilityGlobals) = postSolution
		SolutionGuid = {00E08B6F-BD1A-4D1D-8B53-4C5643265BEE}
	EndGlobalSection
EndGlobal
